
Microsoft Visual Studio Solution File, Format Version 12.00
# Visual Studio Version 16
VisualStudioVersion = 16.0.31129.286
MinimumVisualStudioVersion = 10.0.40219.1
Project("{FAE04EC0-301F-11D3-BF4B-00C04F79EFBC}") = "k173669_Q1", "k173669_Q1.csproj", "{03830809-8F41-479A-A8E9-6F3461BE0E96}"
EndProject
Global
	GlobalSection(SolutionConfigurationPlatforms) = preSolution
		Debug|Any CPU = Debug|Any CPU
		Release|Any CPU = Release|Any CPU
	EndGlobalSection
	GlobalSection(ProjectConfigurationPlatforms) = postSolution
		{03830809-8F41-479A-A8E9-6F3461BE0E96}.Debug|Any CPU.ActiveCfg = Debug|Any CPU
		{03830809-8F41-479A-A8E9-6F3461BE0E96}.Debug|Any CPU.Build.0 = Debug|Any CPU
		{03830809-8F41-479A-A8E9-6F3461BE0E96}.Release|Any CPU.ActiveCfg = Release|Any CPU
		{03830809-8F41-479A-A8E9-6F3461BE0E96}.Release|Any CPU.Build.0 = Release|Any CPU
	EndGlobalSection
	GlobalSection(SolutionProperties) = preSolution
		HideSolutionNode = FALSE
	EndGlobalSection
	GlobalSection(ExtensibilityGlobals) = postSolution
		SolutionGuid = {15E0EA06-651E-4F0D-89C2-8E4A6120246C}
	EndGlobalSection
EndGlobal
